{
  "name": "com.taotesting.app",
  "version": "0.1.0",
  "lockfileVersion": 1,
  "requires": true,
  "dependencies": {
    "cordova-plugin-file": {
      "version": "6.0.1",
      "resolved": "https://registry.npmjs.org/cordova-plugin-file/-/cordova-plugin-file-6.0.1.tgz",
      "integrity": "sha1-SWBrjBWlaI1HKPkuSnMloGHeB/U="
    },
    "cordova-plugin-indexeddb2": {
      "version": "1.0.4",
      "resolved": "https://registry.npmjs.org/cordova-plugin-indexeddb2/-/cordova-plugin-indexeddb2-1.0.4.tgz",
      "integrity": "sha1-McWUX0pIgcgsC9VliuppKUNNFjY="
    },
    "cordova-plugin-network-information": {
      "version": "1.3.4",
      "resolved": "https://registry.npmjs.org/cordova-plugin-network-information/-/cordova-plugin-network-information-1.3.4.tgz",
      "integrity": "sha1-KPQmzCZZF03GIqBxgPm6DYVfc4M="
    }
  }
}
