{
  "name": "com.taotesting.app",
  "version": "0.1.0",
  "lockfileVersion": 1,
  "requires": true,
  "dependencies": {
    "cordova-plugin-file": {
      "version": "4.3.3",
      "resolved": "https://registry.npmjs.org/cordova-plugin-file/-/cordova-plugin-file-4.3.3.tgz",
      "integrity": "sha1-AS6Xqhr7kfhJFuY0G1SDZtI96bk="
    },
    "cordova-plugin-indexeddb-async": {
      "version": "2.2.1",
      "resolved": "https://registry.npmjs.org/cordova-plugin-indexeddb-async/-/cordova-plugin-indexeddb-async-2.2.1.tgz",
      "integrity": "sha1-v9ke8Din9UQiXuwzlR0nG1Cu7Dk=",
      "requires": {
        "indexeddbshim": "2.2.1"
      }
    },
    "cordova-plugin-network-information": {
      "version": "1.3.4",
      "resolved": "https://registry.npmjs.org/cordova-plugin-network-information/-/cordova-plugin-network-information-1.3.4.tgz",
      "integrity": "sha1-KPQmzCZZF03GIqBxgPm6DYVfc4M="
    },
    "indexeddbshim": {
      "version": "2.2.1",
      "resolved": "https://registry.npmjs.org/indexeddbshim/-/indexeddbshim-2.2.1.tgz",
      "integrity": "sha1-yxFwknMpnyKt8vHOy3Q+whNKY1Y="
    }
  }
}
